
Microsoft Visual Studio Solution File, Format Version 12.00
# Visual Studio Version 17
VisualStudioVersion = 17.8.34525.116
MinimumVisualStudioVersion = 10.0.40219.1
Project("{9A19103F-16F7-4668-BE54-9A1E7A4F7556}") = "LazySplitString", "LazySplitString.csproj", "{95F91182-0027-49DD-A5B7-3B68729A9EE2}"
EndProject
Global
	GlobalSection(SolutionConfigurationPlatforms) = preSolution
		Debug|Any CPU = Debug|Any CPU
		Release|Any CPU = Release|Any CPU
	EndGlobalSection
	GlobalSection(ProjectConfigurationPlatforms) = postSolution
		{95F91182-0027-49DD-A5B7-3B68729A9EE2}.Debug|Any CPU.ActiveCfg = Debug|Any CPU
		{95F91182-0027-49DD-A5B7-3B68729A9EE2}.Debug|Any CPU.Build.0 = Debug|Any CPU
		{95F91182-0027-49DD-A5B7-3B68729A9EE2}.Release|Any CPU.ActiveCfg = Release|Any CPU
		{95F91182-0027-49DD-A5B7-3B68729A9EE2}.Release|Any CPU.Build.0 = Release|Any CPU
	EndGlobalSection
	GlobalSection(SolutionProperties) = preSolution
		HideSolutionNode = FALSE
	EndGlobalSection
	GlobalSection(ExtensibilityGlobals) = postSolution
		SolutionGuid = {59017092-F801-4AAF-8433-AE5DE9BA48F8}
	EndGlobalSection
EndGlobal
